
Microsoft Visual Studio Solution File, Format Version 12.00
# Visual Studio Version 17
VisualStudioVersion = 17.14.36511.14 d17.14
MinimumVisualStudioVersion = 10.0.40219.1
Project("{FAE04EC0-301F-11D3-BF4B-00C04F79EFBC}") = "PizzaShop", "PizzaShop.csproj", "{39097E80-A700-457D-8411-84F335FD3E85}"
EndProject
Global
	GlobalSection(SolutionConfigurationPlatforms) = preSolution
		Debug|Any CPU = Debug|Any CPU
		Release|Any CPU = Release|Any CPU
	EndGlobalSection
	GlobalSection(ProjectConfigurationPlatforms) = postSolution
		{39097E80-A700-457D-8411-84F335FD3E85}.Debug|Any CPU.ActiveCfg = Debug|Any CPU
		{39097E80-A700-457D-8411-84F335FD3E85}.Debug|Any CPU.Build.0 = Debug|Any CPU
		{39097E80-A700-457D-8411-84F335FD3E85}.Release|Any CPU.ActiveCfg = Release|Any CPU
		{39097E80-A700-457D-8411-84F335FD3E85}.Release|Any CPU.Build.0 = Release|Any CPU
	EndGlobalSection
	GlobalSection(SolutionProperties) = preSolution
		HideSolutionNode = FALSE
	EndGlobalSection
	GlobalSection(ExtensibilityGlobals) = postSolution
		SolutionGuid = {4FFAFF51-2CFF-4A29-98EF-99E0C6CE7BE9}
	EndGlobalSection
EndGlobal
